PODS:
  - Flutter (1.0.0)
  - flutter_nfc_reader (0.0.1):
    - Flutter
    - VYNFCKit
  - VYNFCKit (0.3.2)

DEPENDENCIES:
  - Flutter (from `Flutter`)
  - flutter_nfc_reader (from `.symlinks/plugins/flutter_nfc_reader/ios`)

SPEC REPOS:
  trunk:
    - VYNFCKit

EXTERNAL SOURCES:
  Flutter:
    :path: Flutter
  flutter_nfc_reader:
    :path: ".symlinks/plugins/flutter_nfc_reader/ios"

SPEC CHECKSUMS:
  Flutter: 434fef37c0980e73bb6479ef766c45957d4b510c
  flutter_nfc_reader: 67d71071d779d28b827ea50dcbe00d09286f253d
  VYNFCKit: 86a9b711fd1f34f6f7128a2a883cd58dbd781b9d

PODFILE CHECKSUM: c7ddbee64a9f3abe29cfa87199a48f796b7449c4

COCOAPODS: 1.10.1
